
Microsoft Visual Studio Solution File, Format Version 12.00
# Visual Studio Version 16
VisualStudioVersion = 16.0.30011.22
MinimumVisualStudioVersion = 10.0.40219.1
Project("{FAE04EC0-301F-11D3-BF4B-00C04F79EFBC}") = "Kiemtra_lan2", "Kiemtra_lan2\Kiemtra_lan2.csproj", "{BA511657-E6D1-4EE4-A201-42B2C6F891E1}"
EndProject
Project("{FAE04EC0-301F-11D3-BF4B-00C04F79EFBC}") = "Bai2", "Bai2\Bai2.csproj", "{16AA996E-B73D-410C-B353-22D649B556F1}"
EndProject
Global
	GlobalSection(SolutionConfigurationPlatforms) = preSolution
		Debug|Any CPU = Debug|Any CPU
		Release|Any CPU = Release|Any CPU
	EndGlobalSection
	GlobalSection(ProjectConfigurationPlatforms) = postSolution
		{BA511657-E6D1-4EE4-A201-42B2C6F891E1}.Debug|Any CPU.ActiveCfg = Debug|Any CPU
		{BA511657-E6D1-4EE4-A201-42B2C6F891E1}.Debug|Any CPU.Build.0 = Debug|Any CPU
		{BA511657-E6D1-4EE4-A201-42B2C6F891E1}.Release|Any CPU.ActiveCfg = Release|Any CPU
		{BA511657-E6D1-4EE4-A201-42B2C6F891E1}.Release|Any CPU.Build.0 = Release|Any CPU
		{16AA996E-B73D-410C-B353-22D649B556F1}.Debug|Any CPU.ActiveCfg = Debug|Any CPU
		{16AA996E-B73D-410C-B353-22D649B556F1}.Debug|Any CPU.Build.0 = Debug|Any CPU
		{16AA996E-B73D-410C-B353-22D649B556F1}.Release|Any CPU.ActiveCfg = Release|Any CPU
		{16AA996E-B73D-410C-B353-22D649B556F1}.Release|Any CPU.Build.0 = Release|Any CPU
	EndGlobalSection
	GlobalSection(SolutionProperties) = preSolution
		HideSolutionNode = FALSE
	EndGlobalSection
	GlobalSection(ExtensibilityGlobals) = postSolution
		SolutionGuid = {FB4CD3ED-EB58-4C7D-B264-2EC36F815C56}
	EndGlobalSection
EndGlobal
